// !$*UTF8*$!
{
	archiveVersion = 1;
	classes = {
	};
	objectVersion = 46;
	objects = {

/* Begin PBXBuildFile section */
		60001311198158D200EE4AFA /* AFHTTPRequestOperation.m in Sources */ = {isa = PBXBuildFile; fileRef = 600012FF198158D200EE4AFA /* AFHTTPRequestOperation.m */; };
		60001312198158D200EE4AFA /* AFHTTPRequestOperationManager.m in Sources */ = {isa = PBXBuildFile; fileRef = 60001301198158D200EE4AFA /* AFHTTPRequestOperationManager.m */; };
		60001313198158D200EE4AFA /* AFHTTPSessionManager.m in Sources */ = {isa = PBXBuildFile; fileRef = 60001303198158D200EE4AFA /* AFHTTPSessionManager.m */; };
		60001314198158D200EE4AFA /* AFNetworkReachabilityManager.m in Sources */ = {isa = PBXBuildFile; fileRef = 60001306198158D200EE4AFA /* AFNetworkReachabilityManager.m */; };
		60001315198158D200EE4AFA /* AFSecurityPolicy.m in Sources */ = {isa = PBXBuildFile; fileRef = 60001308198158D200EE4AFA /* AFSecurityPolicy.m */; };
		60001316198158D200EE4AFA /* AFURLConnectionOperation.m in Sources */ = {isa = PBXBuildFile; fileRef = 6000130A198158D200EE4AFA /* AFURLConnectionOperation.m */; };
		60001317198158D200EE4AFA /* AFURLRequestSerialization.m in Sources */ = {isa = PBXBuildFile; fileRef = 6000130C198158D200EE4AFA /* AFURLRequestSerialization.m */; };
		60001318198158D200EE4AFA /* AFURLResponseSerialization.m in Sources */ = {isa = PBXBuildFile; fileRef = 6000130E198158D200EE4AFA /* AFURLResponseSerialization.m */; };
		60001319198158D200EE4AFA /* AFURLSessionManager.m in Sources */ = {isa = PBXBuildFile; fileRef = 60001310198158D200EE4AFA /* AFURLSessionManager.m */; };
		6000131C198161AA00EE4AFA /* NSDictionary+Extensions.m in Sources */ = {isa = PBXBuildFile; fileRef = 6000131B198161AA00EE4AFA /* NSDictionary+Extensions.m */; };
		6000131F1981646000EE4AFA /* VMDataService.m in Sources */ = {isa = PBXBuildFile; fileRef = 6000131E1981646000EE4AFA /* VMDataService.m */; };
		60078DB819813557003E68F9 /* background.mp3 in Resources */ = {isa = PBXBuildFile; fileRef = 60078DB719813557003E68F9 /* background.mp3 */; };
		60078DBB19813C3C003E68F9 /* bg640x1136.png in Resources */ = {isa = PBXBuildFile; fileRef = 60078DB919813C3C003E68F9 /* bg640x1136.png */; };
		60078DBC19813C3C003E68F9 /* bg640x960.png in Resources */ = {isa = PBXBuildFile; fileRef = 60078DBA19813C3C003E68F9 /* bg640x960.png */; };
		6079D533198123F700A16118 /* NSURL+Extensions.m in Sources */ = {isa = PBXBuildFile; fileRef = 6079D532198123F700A16118 /* NSURL+Extensions.m */; };
		6079D5381981259400A16118 /* libWeChatSDK.a in Frameworks */ = {isa = PBXBuildFile; fileRef = 6079D5351981259400A16118 /* libWeChatSDK.a */; };
		6079D53B198128EB00A16118 /* UIDevice+Extensions.m in Sources */ = {isa = PBXBuildFile; fileRef = 6079D53A198128EB00A16118 /* UIDevice+Extensions.m */; };
		6079D53E198129DE00A16118 /* UIImage+SubimageExtraction.m in Sources */ = {isa = PBXBuildFile; fileRef = 6079D53D198129DE00A16118 /* UIImage+SubimageExtraction.m */; };
		92EC2CD5198107FC001E7FBE /* Foundation.framework in Frameworks */ = {isa = PBXBuildFile; fileRef = 92EC2CD4198107FC001E7FBE /* Foundation.framework */; };
		92EC2CD7198107FC001E7FBE /* CoreGraphics.framework in Frameworks */ = {isa = PBXBuildFile; fileRef = 92EC2CD6198107FC001E7FBE /* CoreGraphics.framework */; };
		92EC2CD9198107FC001E7FBE /* UIKit.framework in Frameworks */ = {isa = PBXBuildFile; fileRef = 92EC2CD8198107FC001E7FBE /* UIKit.framework */; };
		92EC2CDF198107FC001E7FBE /* InfoPlist.strings in Resources */ = {isa = PBXBuildFile; fileRef = 92EC2CDD198107FC001E7FBE /* InfoPlist.strings */; };
		92EC2CE1198107FC001E7FBE /* main.m in Sources */ = {isa = PBXBuildFile; fileRef = 92EC2CE0198107FC001E7FBE /* main.m */; };
		92EC2CE5198107FC001E7FBE /* VMAppDelegate.m in Sources */ = {isa = PBXBuildFile; fileRef = 92EC2CE4198107FC001E7FBE /* VMAppDelegate.m */; };
		92EC2CEB198107FC001E7FBE /* VMViewController.m in Sources */ = {isa = PBXBuildFile; fileRef = 92EC2CEA198107FC001E7FBE /* VMViewController.m */; };
		92EC2CED198107FC001E7FBE /* Images.xcassets in Resources */ = {isa = PBXBuildFile; fileRef = 92EC2CEC198107FC001E7FBE /* Images.xcassets */; };
		92EC2D0A19810819001E7FBE /* sjm in Resources */ = {isa = PBXBuildFile; fileRef = 92EC2D0919810819001E7FBE /* sjm */; };
/* End PBXBuildFile section */

/* Begin PBXFileReference section */
		600012FE198158D200EE4AFA /* AFHTTPRequestOperation.h */ = {isa = PBXFileReference; fileEncoding = 4; lastKnownFileType = sourcecode.c.h; path = AFHTTPRequestOperation.h; sourceTree = "<group>"; };
		600012FF198158D200EE4AFA /* AFHTTPRequestOperation.m */ = {isa = PBXFileReference; fileEncoding = 4; lastKnownFileType = sourcecode.c.objc; path = AFHTTPRequestOperation.m; sourceTree = "<group>"; };
		60001300198158D200EE4AFA /* AFHTTPRequestOperationManager.h */ = {isa = PBXFileReference; fileEncoding = 4; lastKnownFileType = sourcecode.c.h; path = AFHTTPRequestOperationManager.h; sourceTree = "<group>"; };
		60001301198158D200EE4AFA /* AFHTTPRequestOperationManager.m */ = {isa = PBXFileReference; fileEncoding = 4; lastKnownFileType = sourcecode.c.objc; path = AFHTTPRequestOperationManager.m; sourceTree = "<group>"; };
		60001302198158D200EE4AFA /* AFHTTPSessionManager.h */ = {isa = PBXFileReference; fileEncoding = 4; lastKnownFileType = sourcecode.c.h; path = AFHTTPSessionManager.h; sourceTree = "<group>"; };
		60001303198158D200EE4AFA /* AFHTTPSessionManager.m */ = {isa = PBXFileReference; fileEncoding = 4; lastKnownFileType = sourcecode.c.objc; path = AFHTTPSessionManager.m; sourceTree = "<group>"; };
		60001304198158D200EE4AFA /* AFNetworking.h */ = {isa = PBXFileReference; fileEncoding = 4; lastKnownFileType = sourcecode.c.h; path = AFNetworking.h; sourceTree = "<group>"; };
		60001305198158D200EE4AFA /* AFNetworkReachabilityManager.h */ = {isa = PBXFileReference; fileEncoding = 4; lastKnownFileType = sourcecode.c.h; path = AFNetworkReachabilityManager.h; sourceTree = "<group>"; };
		60001306198158D200EE4AFA /* AFNetworkReachabilityManager.m */ = {isa = PBXFileReference; fileEncoding = 4; lastKnownFileType = sourcecode.c.objc; path = AFNetworkReachabilityManager.m; sourceTree = "<group>"; };
		60001307198158D200EE4AFA /* AFSecurityPolicy.h */ = {isa = PBXFileReference; fileEncoding = 4; lastKnownFileType = sourcecode.c.h; path = AFSecurityPolicy.h; sourceTree = "<group>"; };
		60001308198158D200EE4AFA /* AFSecurityPolicy.m */ = {isa = PBXFileReference; fileEncoding = 4; lastKnownFileType = sourcecode.c.objc; path = AFSecurityPolicy.m; sourceTree = "<group>"; };
		60001309198158D200EE4AFA /* AFURLConnectionOperation.h */ = {isa = PBXFileReference; fileEncoding = 4; lastKnownFileType = sourcecode.c.h; path = AFURLConnectionOperation.h; sourceTree = "<group>"; };
		6000130A198158D200EE4AFA /* AFURLConnectionOperation.m */ = {isa = PBXFileReference; fileEncoding = 4; lastKnownFileType = sourcecode.c.objc; path = AFURLConnectionOperation.m; sourceTree = "<group>"; };
		6000130B198158D200EE4AFA /* AFURLRequestSerialization.h */ = {isa = PBXFileReference; fileEncoding = 4; lastKnownFileType = sourcecode.c.h; path = AFURLRequestSerialization.h; sourceTree = "<group>"; };
		6000130C198158D200EE4AFA /* AFURLRequestSerialization.m */ = {isa = PBXFileReference; fileEncoding = 4; lastKnownFileType = sourcecode.c.objc; path = AFURLRequestSerialization.m; sourceTree = "<group>"; };
		6000130D198158D200EE4AFA /* AFURLResponseSerialization.h */ = {isa = PBXFileReference; fileEncoding = 4; lastKnownFileType = sourcecode.c.h; path = AFURLResponseSerialization.h; sourceTree = "<group>"; };
		6000130E198158D200EE4AFA /* AFURLResponseSerialization.m */ = {isa = PBXFileReference; fileEncoding = 4; lastKnownFileType = sourcecode.c.objc; path = AFURLResponseSerialization.m; sourceTree = "<group>"; };
		6000130F198158D200EE4AFA /* AFURLSessionManager.h */ = {isa = PBXFileReference; fileEncoding = 4; lastKnownFileType = sourcecode.c.h; path = AFURLSessionManager.h; sourceTree = "<group>"; };
		60001310198158D200EE4AFA /* AFURLSessionManager.m */ = {isa = PBXFileReference; fileEncoding = 4; lastKnownFileType = sourcecode.c.objc; path = AFURLSessionManager.m; sourceTree = "<group>"; };
		6000131A198161AA00EE4AFA /* NSDictionary+Extensions.h */ = {isa = PBXFileReference; fileEncoding = 4; lastKnownFileType = sourcecode.c.h; path = "NSDictionary+Extensions.h"; sourceTree = "<group>"; };
		6000131B198161AA00EE4AFA /* NSDictionary+Extensions.m */ = {isa = PBXFileReference; fileEncoding = 4; lastKnownFileType = sourcecode.c.objc; path = "NSDictionary+Extensions.m"; sourceTree = "<group>"; };
		6000131D1981646000EE4AFA /* VMDataService.h */ = {isa = PBXFileReference; fileEncoding = 4; lastKnownFileType = sourcecode.c.h; path = VMDataService.h; sourceTree = "<group>"; };
		6000131E1981646000EE4AFA /* VMDataService.m */ = {isa = PBXFileReference; fileEncoding = 4; lastKnownFileType = sourcecode.c.objc; path = VMDataService.m; sourceTree = "<group>"; };
		60078DB719813557003E68F9 /* background.mp3 */ = {isa = PBXFileReference; lastKnownFileType = audio.mp3; path = background.mp3; sourceTree = "<group>"; };
		60078DB919813C3C003E68F9 /* bg640x1136.png */ = {isa = PBXFileReference; lastKnownFileType = image.png; path = bg640x1136.png; sourceTree = "<group>"; };
		60078DBA19813C3C003E68F9 /* bg640x960.png */ = {isa = PBXFileReference; lastKnownFileType = image.png; path = bg640x960.png; sourceTree = "<group>"; };
		6079D531198123F700A16118 /* NSURL+Extensions.h */ = {isa = PBXFileReference; fileEncoding = 4; lastKnownFileType = sourcecode.c.h; path = "NSURL+Extensions.h"; sourceTree = "<group>"; };
		6079D532198123F700A16118 /* NSURL+Extensions.m */ = {isa = PBXFileReference; fileEncoding = 4; lastKnownFileType = sourcecode.c.objc; path = "NSURL+Extensions.m"; sourceTree = "<group>"; };
		6079D5351981259400A16118 /* libWeChatSDK.a */ = {isa = PBXFileReference; lastKnownFileType = archive.ar; path = libWeChatSDK.a; sourceTree = "<group>"; };
		6079D5361981259400A16118 /* WXApi.h */ = {isa = PBXFileReference; fileEncoding = 4; lastKnownFileType = sourcecode.c.h; path = WXApi.h; sourceTree = "<group>"; };
		6079D5371981259400A16118 /* WXApiObject.h */ = {isa = PBXFileReference; fileEncoding = 4; lastKnownFileType = sourcecode.c.h; path = WXApiObject.h; sourceTree = "<group>"; };
		6079D539198128EB00A16118 /* UIDevice+Extensions.h */ = {isa = PBXFileReference; fileEncoding = 4; lastKnownFileType = sourcecode.c.h; path = "UIDevice+Extensions.h"; sourceTree = "<group>"; };
		6079D53A198128EB00A16118 /* UIDevice+Extensions.m */ = {isa = PBXFileReference; fileEncoding = 4; lastKnownFileType = sourcecode.c.objc; path = "UIDevice+Extensions.m"; sourceTree = "<group>"; };
		6079D53C198129DE00A16118 /* UIImage+SubimageExtraction.h */ = {isa = PBXFileReference; fileEncoding = 4; lastKnownFileType = sourcecode.c.h; path = "UIImage+SubimageExtraction.h"; sourceTree = "<group>"; };
		6079D53D198129DE00A16118 /* UIImage+SubimageExtraction.m */ = {isa = PBXFileReference; fileEncoding = 4; lastKnownFileType = sourcecode.c.objc; path = "UIImage+SubimageExtraction.m"; sourceTree = "<group>"; };
		92EC2CD1198107FC001E7FBE /* CrazyCat.app */ = {isa = PBXFileReference; explicitFileType = wrapper.application; includeInIndex = 0; path = CrazyCat.app; sourceTree = BUILT_PRODUCTS_DIR; };
		92EC2CD4198107FC001E7FBE /* Foundation.framework */ = {isa = PBXFileReference; lastKnownFileType = wrapper.framework; name = Foundation.framework; path = System/Library/Frameworks/Foundation.framework; sourceTree = SDKROOT; };
		92EC2CD6198107FC001E7FBE /* CoreGraphics.framework */ = {isa = PBXFileReference; lastKnownFileType = wrapper.framework; name = CoreGraphics.framework; path = System/Library/Frameworks/CoreGraphics.framework; sourceTree = SDKROOT; };
		92EC2CD8198107FC001E7FBE /* UIKit.framework */ = {isa = PBXFileReference; lastKnownFileType = wrapper.framework; name = UIKit.framework; path = System/Library/Frameworks/UIKit.framework; sourceTree = SDKROOT; };
		92EC2CDC198107FC001E7FBE /* CrazyCat-Info.plist */ = {isa = PBXFileReference; lastKnownFileType = text.plist.xml; path = "CrazyCat-Info.plist"; sourceTree = "<group>"; };
		92EC2CDE198107FC001E7FBE /* en */ = {isa = PBXFileReference; lastKnownFileType = text.plist.strings; name = en; path = en.lproj/InfoPlist.strings; sourceTree = "<group>"; };
		92EC2CE0198107FC001E7FBE /* main.m */ = {isa = PBXFileReference; lastKnownFileType = sourcecode.c.objc; path = main.m; sourceTree = "<group>"; };
		92EC2CE2198107FC001E7FBE /* CrazyCat-Prefix.pch */ = {isa = PBXFileReference; lastKnownFileType = sourcecode.c.h; path = "CrazyCat-Prefix.pch"; sourceTree = "<group>"; };
		92EC2CE3198107FC001E7FBE /* VMAppDelegate.h */ = {isa = PBXFileReference; lastKnownFileType = sourcecode.c.h; path = VMAppDelegate.h; sourceTree = "<group>"; };
		92EC2CE4198107FC001E7FBE /* VMAppDelegate.m */ = {isa = PBXFileReference; lastKnownFileType = sourcecode.c.objc; path = VMAppDelegate.m; sourceTree = "<group>"; };
		92EC2CE9198107FC001E7FBE /* VMViewController.h */ = {isa = PBXFileReference; lastKnownFileType = sourcecode.c.h; path = VMViewController.h; sourceTree = "<group>"; };
		92EC2CEA198107FC001E7FBE /* VMViewController.m */ = {isa = PBXFileReference; lastKnownFileType = sourcecode.c.objc; path = VMViewController.m; sourceTree = "<group>"; };
		92EC2CEC198107FC001E7FBE /* Images.xcassets */ = {isa = PBXFileReference; lastKnownFileType = folder.assetcatalog; path = Images.xcassets; sourceTree = "<group>"; };
		92EC2CF3198107FC001E7FBE /* XCTest.framework */ = {isa = PBXFileReference; lastKnownFileType = wrapper.framework; name = XCTest.framework; path = Library/Frameworks/XCTest.framework; sourceTree = DEVELOPER_DIR; };
		92EC2D0919810819001E7FBE /* sjm */ = {isa = PBXFileReference; lastKnownFileType = folder; path = sjm; sourceTree = "<group>"; };
/* End PBXFileReference section */

/* Begin PBXFrameworksBuildPhase section */
		92EC2CCE198107FC001E7FBE /* Frameworks */ = {
			isa = PBXFrameworksBuildPhase;
			buildActionMask = 2147483647;
			files = (
				92EC2CD7198107FC001E7FBE /* CoreGraphics.framework in Frameworks */,
				92EC2CD9198107FC001E7FBE /* UIKit.framework in Frameworks */,
				6079D5381981259400A16118 /* libWeChatSDK.a in Frameworks */,
				92EC2CD5198107FC001E7FBE /* Foundation.framework in Frameworks */,
			);
			runOnlyForDeploymentPostprocessing = 0;
		};
/* End PBXFrameworksBuildPhase section */

/* Begin PBXGroup section */
		600012FD198158D200EE4AFA /* AFNetworking */ = {
			isa = PBXGroup;
			children = (
				600012FE198158D200EE4AFA /* AFHTTPRequestOperation.h */,
				600012FF198158D200EE4AFA /* AFHTTPRequestOperation.m */,
				60001300198158D200EE4AFA /* AFHTTPRequestOperationManager.h */,
				60001301198158D200EE4AFA /* AFHTTPRequestOperationManager.m */,
				60001302198158D200EE4AFA /* AFHTTPSessionManager.h */,
				60001303198158D200EE4AFA /* AFHTTPSessionManager.m */,
				60001304198158D200EE4AFA /* AFNetworking.h */,
				60001305198158D200EE4AFA /* AFNetworkReachabilityManager.h */,
				60001306198158D200EE4AFA /* AFNetworkReachabilityManager.m */,
				60001307198158D200EE4AFA /* AFSecurityPolicy.h */,
				60001308198158D200EE4AFA /* AFSecurityPolicy.m */,
				60001309198158D200EE4AFA /* AFURLConnectionOperation.h */,
				6000130A198158D200EE4AFA /* AFURLConnectionOperation.m */,
				6000130B198158D200EE4AFA /* AFURLRequestSerialization.h */,
				6000130C198158D200EE4AFA /* AFURLRequestSerialization.m */,
				6000130D198158D200EE4AFA /* AFURLResponseSerialization.h */,
				6000130E198158D200EE4AFA /* AFURLResponseSerialization.m */,
				6000130F198158D200EE4AFA /* AFURLSessionManager.h */,
				60001310198158D200EE4AFA /* AFURLSessionManager.m */,
			);
			name = AFNetworking;
			path = Library/AFNetworking;
			sourceTree = "<group>";
		};
		60078DB519813557003E68F9 /* Resource */ = {
			isa = PBXGroup;
			children = (
				60078DB919813C3C003E68F9 /* bg640x1136.png */,
				60078DBA19813C3C003E68F9 /* bg640x960.png */,
				60078DB619813557003E68F9 /* Music */,
			);
			path = Resource;
			sourceTree = "<group>";
		};
		60078DB619813557003E68F9 /* Music */ = {
			isa = PBXGroup;
			children = (
				60078DB719813557003E68F9 /* background.mp3 */,
			);
			path = Music;
			sourceTree = "<group>";
		};
		6079D530198123F700A16118 /* Library */ = {
			isa = PBXGroup;
			children = (
				6079D53C198129DE00A16118 /* UIImage+SubimageExtraction.h */,
				6079D53D198129DE00A16118 /* UIImage+SubimageExtraction.m */,
				6079D539198128EB00A16118 /* UIDevice+Extensions.h */,
				6079D53A198128EB00A16118 /* UIDevice+Extensions.m */,
				6000131A198161AA00EE4AFA /* NSDictionary+Extensions.h */,
				6000131B198161AA00EE4AFA /* NSDictionary+Extensions.m */,
				6079D5341981259400A16118 /* WeiXin */,
				6079D531198123F700A16118 /* NSURL+Extensions.h */,
				6079D532198123F700A16118 /* NSURL+Extensions.m */,
			);
			path = Library;
			sourceTree = "<group>";
		};
		6079D5341981259400A16118 /* WeiXin */ = {
			isa = PBXGroup;
			children = (
				6079D5351981259400A16118 /* libWeChatSDK.a */,
				6079D5361981259400A16118 /* WXApi.h */,
				6079D5371981259400A16118 /* WXApiObject.h */,
			);
			path = WeiXin;
			sourceTree = "<group>";
		};
		92EC2CC8198107FC001E7FBE = {
			isa = PBXGroup;
			children = (
				92EC2CDA198107FC001E7FBE /* CrazyCat */,
				92EC2CD3198107FC001E7FBE /* Frameworks */,
				92EC2CD2198107FC001E7FBE /* Products */,
			);
			sourceTree = "<group>";
		};
		92EC2CD2198107FC001E7FBE /* Products */ = {
			isa = PBXGroup;
			children = (
				92EC2CD1198107FC001E7FBE /* CrazyCat.app */,
			);
			name = Products;
			sourceTree = "<group>";
		};
		92EC2CD3198107FC001E7FBE /* Frameworks */ = {
			isa = PBXGroup;
			children = (
				92EC2CD4198107FC001E7FBE /* Foundation.framework */,
				92EC2CD6198107FC001E7FBE /* CoreGraphics.framework */,
				92EC2CD8198107FC001E7FBE /* UIKit.framework */,
				92EC2CF3198107FC001E7FBE /* XCTest.framework */,
			);
			name = Frameworks;
			sourceTree = "<group>";
		};
		92EC2CDA198107FC001E7FBE /* CrazyCat */ = {
			isa = PBXGroup;
			children = (
				600012FD198158D200EE4AFA /* AFNetworking */,
				6079D530198123F700A16118 /* Library */,
				92EC2D0919810819001E7FBE /* sjm */,
				92EC2CE3198107FC001E7FBE /* VMAppDelegate.h */,
				92EC2CE4198107FC001E7FBE /* VMAppDelegate.m */,
				92EC2CE9198107FC001E7FBE /* VMViewController.h */,
				92EC2CEA198107FC001E7FBE /* VMViewController.m */,
				6000131D1981646000EE4AFA /* VMDataService.h */,
				6000131E1981646000EE4AFA /* VMDataService.m */,
				92EC2CEC198107FC001E7FBE /* Images.xcassets */,
				92EC2CDB198107FC001E7FBE /* Supporting Files */,
			);
			path = CrazyCat;
			sourceTree = "<group>";
		};
		92EC2CDB198107FC001E7FBE /* Supporting Files */ = {
			isa = PBXGroup;
			children = (
				60078DB519813557003E68F9 /* Resource */,
				92EC2CDC198107FC001E7FBE /* CrazyCat-Info.plist */,
				92EC2CDD198107FC001E7FBE /* InfoPlist.strings */,
				92EC2CE0198107FC001E7FBE /* main.m */,
				92EC2CE2198107FC001E7FBE /* CrazyCat-Prefix.pch */,
			);
			name = "Supporting Files";
			sourceTree = "<group>";
		};
/* End PBXGroup section */

/* Begin PBXNativeTarget section */
		92EC2CD0198107FC001E7FBE /* CrazyCat */ = {
			isa = PBXNativeTarget;
			buildConfigurationList = 92EC2D03198107FC001E7FBE /* Build configuration list for PBXNativeTarget "CrazyCat" */;
			buildPhases = (
				92EC2CCD198107FC001E7FBE /* Sources */,
				92EC2CCE198107FC001E7FBE /* Frameworks */,
				92EC2CCF198107FC001E7FBE /* Resources */,
			);
			buildRules = (
			);
			dependencies = (
			);
			name = CrazyCat;
			productName = CrazyCat;
			productReference = 92EC2CD1198107FC001E7FBE /* CrazyCat.app */;
			productType = "com.apple.product-type.application";
		};
/* End PBXNativeTarget section */

/* Begin PBXProject section */
		92EC2CC9198107FC001E7FBE /* Project object */ = {
			isa = PBXProject;
			attributes = {
				CLASSPREFIX = VM;
				LastUpgradeCheck = 0510;
				ORGANIZATIONNAME = Mac003;
			};
			buildConfigurationList = 92EC2CCC198107FC001E7FBE /* Build configuration list for PBXProject "CrazyCat" */;
			compatibilityVersion = "Xcode 3.2";
			developmentRegion = English;
			hasScannedForEncodings = 0;
			knownRegions = (
				en,
				Base,
			);
			mainGroup = 92EC2CC8198107FC001E7FBE;
			productRefGroup = 92EC2CD2198107FC001E7FBE /* Products */;
			projectDirPath = "";
			projectRoot = "";
			targets = (
				92EC2CD0198107FC001E7FBE /* CrazyCat */,
			);
		};
/* End PBXProject section */

/* Begin PBXResourcesBuildPhase section */
		92EC2CCF198107FC001E7FBE /* Resources */ = {
			isa = PBXResourcesBuildPhase;
			buildActionMask = 2147483647;
			files = (
				60078DB819813557003E68F9 /* background.mp3 in Resources */,
				92EC2CED198107FC001E7FBE /* Images.xcassets in Resources */,
				92EC2D0A19810819001E7FBE /* sjm in Resources */,
				92EC2CDF198107FC001E7FBE /* InfoPlist.strings in Resources */,
				60078DBC19813C3C003E68F9 /* bg640x960.png in Resources */,
				60078DBB19813C3C003E68F9 /* bg640x1136.png in Resources */,
			);
			runOnlyForDeploymentPostprocessing = 0;
		};
/* End PBXResourcesBuildPhase section */

/* Begin PBXSourcesBuildPhase section */
		92EC2CCD198107FC001E7FBE /* Sources */ = {
			isa = PBXSourcesBuildPhase;
			buildActionMask = 2147483647;
			files = (
				60001319198158D200EE4AFA /* AFURLSessionManager.m in Sources */,
				6079D533198123F700A16118 /* NSURL+Extensions.m in Sources */,
				92EC2CE1198107FC001E7FBE /* main.m in Sources */,
				60001314198158D200EE4AFA /* AFNetworkReachabilityManager.m in Sources */,
				92EC2CEB198107FC001E7FBE /* VMViewController.m in Sources */,
				60001316198158D200EE4AFA /* AFURLConnectionOperation.m in Sources */,
				6000131C198161AA00EE4AFA /* NSDictionary+Extensions.m in Sources */,
				60001313198158D200EE4AFA /* AFHTTPSessionManager.m in Sources */,
				60001317198158D200EE4AFA /* AFURLRequestSerialization.m in Sources */,
				6079D53B198128EB00A16118 /* UIDevice+Extensions.m in Sources */,
				92EC2CE5198107FC001E7FBE /* VMAppDelegate.m in Sources */,
				6079D53E198129DE00A16118 /* UIImage+SubimageExtraction.m in Sources */,
				60001312198158D200EE4AFA /* AFHTTPRequestOperationManager.m in Sources */,
				6000131F1981646000EE4AFA /* VMDataService.m in Sources */,
				60001315198158D200EE4AFA /* AFSecurityPolicy.m in Sources */,
				60001318198158D200EE4AFA /* AFURLResponseSerialization.m in Sources */,
				60001311198158D200EE4AFA /* AFHTTPRequestOperation.m in Sources */,
			);
			runOnlyForDeploymentPostprocessing = 0;
		};
/* End PBXSourcesBuildPhase section */

/* Begin PBXVariantGroup section */
		92EC2CDD198107FC001E7FBE /* InfoPlist.strings */ = {
			isa = PBXVariantGroup;
			children = (
				92EC2CDE198107FC001E7FBE /* en */,
			);
			name = InfoPlist.strings;
			sourceTree = "<group>";
		};
/* End PBXVariantGroup section */

/* Begin XCBuildConfiguration section */
		92EC2D01198107FC001E7FBE /* Debug */ = {
			isa = XCBuildConfiguration;
			buildSettings = {
				ALWAYS_SEARCH_USER_PATHS = NO;
				CLANG_CXX_LANGUAGE_STANDARD = "gnu++0x";
				CLANG_CXX_LIBRARY = "libc++";
				CLANG_ENABLE_MODULES = YES;
				CLANG_ENABLE_OBJC_ARC = YES;
				CLANG_WARN_BOOL_CONVERSION = YES;
				CLANG_WARN_CONSTANT_CONVERSION = YES;
				CLANG_WARN_DIRECT_OBJC_ISA_USAGE = YES_ERROR;
				CLANG_WARN_EMPTY_BODY = YES;
				CLANG_WARN_ENUM_CONVERSION = YES;
				CLANG_WARN_INT_CONVERSION = YES;
				CLANG_WARN_OBJC_ROOT_CLASS = YES_ERROR;
				CLANG_WARN__DUPLICATE_METHOD_MATCH = YES;
				"CODE_SIGN_IDENTITY[sdk=iphoneos*]" = "iPhone Developer";
				COPY_PHASE_STRIP = NO;
				GCC_C_LANGUAGE_STANDARD = gnu99;
				GCC_DYNAMIC_NO_PIC = NO;
				GCC_OPTIMIZATION_LEVEL = 0;
				GCC_PREPROCESSOR_DEFINITIONS = (
					"DEBUG=1",
					"$(inherited)",
				);
				GCC_SYMBOLS_PRIVATE_EXTERN = NO;
				GCC_WARN_64_TO_32_BIT_CONVERSION = YES;
				GCC_WARN_ABOUT_RETURN_TYPE = YES_ERROR;
				GCC_WARN_UNDECLARED_SELECTOR = YES;
				GCC_WARN_UNINITIALIZED_AUTOS = YES_AGGRESSIVE;
				GCC_WARN_UNUSED_FUNCTION = YES;
				GCC_WARN_UNUSED_VARIABLE = YES;
				IPHONEOS_DEPLOYMENT_TARGET = 7.1;
				ONLY_ACTIVE_ARCH = YES;
				SDKROOT = iphoneos;
			};
			name = Debug;
		};
		92EC2D02198107FC001E7FBE /* Release */ = {
			isa = XCBuildConfiguration;
			buildSettings = {
				ALWAYS_SEARCH_USER_PATHS = NO;
				CLANG_CXX_LANGUAGE_STANDARD = "gnu++0x";
				CLANG_CXX_LIBRARY = "libc++";
				CLANG_ENABLE_MODULES = YES;
				CLANG_ENABLE_OBJC_ARC = YES;
				CLANG_WARN_BOOL_CONVERSION = YES;
				CLANG_WARN_CONSTANT_CONVERSION = YES;
				CLANG_WARN_DIRECT_OBJC_ISA_USAGE = YES_ERROR;
				CLANG_WARN_EMPTY_BODY = YES;
				CLANG_WARN_ENUM_CONVERSION = YES;
				CLANG_WARN_INT_CONVERSION = YES;
				CLANG_WARN_OBJC_ROOT_CLASS = YES_ERROR;
				CLANG_WARN__DUPLICATE_METHOD_MATCH = YES;
				"CODE_SIGN_IDENTITY[sdk=iphoneos*]" = "iPhone Developer";
				COPY_PHASE_STRIP = YES;
				ENABLE_NS_ASSERTIONS = NO;
				GCC_C_LANGUAGE_STANDARD = gnu99;
				GCC_WARN_64_TO_32_BIT_CONVERSION = YES;
				GCC_WARN_ABOUT_RETURN_TYPE = YES_ERROR;
				GCC_WARN_UNDECLARED_SELECTOR = YES;
				GCC_WARN_UNINITIALIZED_AUTOS = YES_AGGRESSIVE;
				GCC_WARN_UNUSED_FUNCTION = YES;
				GCC_WARN_UNUSED_VARIABLE = YES;
				IPHONEOS_DEPLOYMENT_TARGET = 7.1;
				SDKROOT = iphoneos;
				VALIDATE_PRODUCT = YES;
			};
			name = Release;
		};
		92EC2D04198107FC001E7FBE /* Debug */ = {
			isa = XCBuildConfiguration;
			buildSettings = {
				ARCHS = armv7;
				ASSETCATALOG_COMPILER_APPICON_NAME = AppIcon;
				ASSETCATALOG_COMPILER_LAUNCHIMAGE_NAME = LaunchImage;
				GCC_PRECOMPILE_PREFIX_HEADER = YES;
				GCC_PREFIX_HEADER = "CrazyCat/CrazyCat-Prefix.pch";
				INFOPLIST_FILE = "CrazyCat/CrazyCat-Info.plist";
				IPHONEOS_DEPLOYMENT_TARGET = 6.0;
				LIBRARY_SEARCH_PATHS = (
					"$(inherited)",
					"$(PROJECT_DIR)/CrazyCat/Library/WeiXin",
				);
				PRODUCT_NAME = "$(TARGET_NAME)";
				WRAPPER_EXTENSION = app;
			};
			name = Debug;
		};
		92EC2D05198107FC001E7FBE /* Release */ = {
			isa = XCBuildConfiguration;
			buildSettings = {
				ARCHS = armv7;
				ASSETCATALOG_COMPILER_APPICON_NAME = AppIcon;
				ASSETCATALOG_COMPILER_LAUNCHIMAGE_NAME = LaunchImage;
				GCC_PRECOMPILE_PREFIX_HEADER = YES;
				GCC_PREFIX_HEADER = "CrazyCat/CrazyCat-Prefix.pch";
				INFOPLIST_FILE = "CrazyCat/CrazyCat-Info.plist";
				IPHONEOS_DEPLOYMENT_TARGET = 6.0;
				LIBRARY_SEARCH_PATHS = (
					"$(inherited)",
					"$(PROJECT_DIR)/CrazyCat/Library/WeiXin",
				);
				PRODUCT_NAME = "$(TARGET_NAME)";
				WRAPPER_EXTENSION = app;
			};
			name = Release;
		};
/* End XCBuildConfiguration section */

/* Begin XCConfigurationList section */
		92EC2CCC198107FC001E7FBE /* Build configuration list for PBXProject "CrazyCat" */ = {
			isa = XCConfigurationList;
			buildConfigurations = (
				92EC2D01198107FC001E7FBE /* Debug */,
				92EC2D02198107FC001E7FBE /* Release */,
			);
			defaultConfigurationIsVisible = 0;
			defaultConfigurationName = Release;
		};
		92EC2D03198107FC001E7FBE /* Build configuration list for PBXNativeTarget "CrazyCat" */ = {
			isa = XCConfigurationList;
			buildConfigurations = (
				92EC2D04198107FC001E7FBE /* Debug */,
				92EC2D05198107FC001E7FBE /* Release */,
			);
			defaultConfigurationIsVisible = 0;
			defaultConfigurationName = Release;
		};
/* End XCConfigurationList section */
	};
	rootObject = 92EC2CC9198107FC001E7FBE /* Project object */;
}
